
Microsoft Visual Studio Solution File, Format Version 12.00
# Visual Studio 2017
Project("{FAE04EC0-301F-11D3-BF4B-00C04F79EFBC}") = "TurtlePrototype", "TurtlePrototype.csproj", "{09667E64-4309-CA18-8DE8-37B5BC2D1DCF}"
EndProject
Global
	GlobalSection(SolutionConfigurationPlatforms) = preSolution
		Debug|Any CPU = Debug|Any CPU
		Release|Any CPU = Release|Any CPU
	EndGlobalSection
	GlobalSection(ProjectConfigurationPlatforms) = postSolution
		{09667E64-4309-CA18-8DE8-37B5BC2D1DCF}.Debug|Any CPU.ActiveCfg = Debug|Any CPU
		{09667E64-4309-CA18-8DE8-37B5BC2D1DCF}.Debug|Any CPU.Build.0 = Debug|Any CPU
		{09667E64-4309-CA18-8DE8-37B5BC2D1DCF}.Release|Any CPU.ActiveCfg = Release|Any CPU
		{09667E64-4309-CA18-8DE8-37B5BC2D1DCF}.Release|Any CPU.Build.0 = Release|Any CPU
	EndGlobalSection
	GlobalSection(SolutionProperties) = preSolution
		HideSolutionNode = FALSE
	EndGlobalSection
EndGlobal
