
Microsoft Visual Studio Solution File, Format Version 11.00
# Visual Studio 2010
Project("{FAE04EC0-301F-11D3-BF4B-00C04F79EFBC}") = "TurtlePrototype", "Assembly-CSharp.csproj", "{B4FAA6ED-ED85-41CC-A85A-0ABCA6ECCADD}"
EndProject
Global
	GlobalSection(SolutionConfigurationPlatforms) = preSolution
		Debug|Any CPU = Debug|Any CPU
		Release|Any CPU = Release|Any CPU
	EndGlobalSection
	GlobalSection(ProjectConfigurationPlatforms) = postSolution
		{B4FAA6ED-ED85-41CC-A85A-0ABCA6ECCADD}.Debug|Any CPU.ActiveCfg = Debug|Any CPU
		{B4FAA6ED-ED85-41CC-A85A-0ABCA6ECCADD}.Debug|Any CPU.Build.0 = Debug|Any CPU
		{B4FAA6ED-ED85-41CC-A85A-0ABCA6ECCADD}.Release|Any CPU.ActiveCfg = Release|Any CPU
		{B4FAA6ED-ED85-41CC-A85A-0ABCA6ECCADD}.Release|Any CPU.Build.0 = Release|Any CPU
	EndGlobalSection
	GlobalSection(SolutionProperties) = preSolution
		HideSolutionNode = FALSE
	EndGlobalSection
	GlobalSection(MonoDevelopProperties) = preSolution
		StartupItem = Assembly-CSharp.csproj
	EndGlobalSection
EndGlobal
