
Microsoft Visual Studio Solution File, Format Version 12.00
# Visual Studio 2017
Project("{FAE04EC0-301F-11D3-BF4B-00C04F79EFBC}") = "Shoot Projectile Test", "Shoot Projectile Test.csproj", "{32025A2B-D9EB-BEBF-5697-319B5060643E}"
EndProject
Global
	GlobalSection(SolutionConfigurationPlatforms) = preSolution
		Debug|Any CPU = Debug|Any CPU
		Release|Any CPU = Release|Any CPU
	EndGlobalSection
	GlobalSection(ProjectConfigurationPlatforms) = postSolution
		{32025A2B-D9EB-BEBF-5697-319B5060643E}.Debug|Any CPU.ActiveCfg = Debug|Any CPU
		{32025A2B-D9EB-BEBF-5697-319B5060643E}.Debug|Any CPU.Build.0 = Debug|Any CPU
		{32025A2B-D9EB-BEBF-5697-319B5060643E}.Release|Any CPU.ActiveCfg = Release|Any CPU
		{32025A2B-D9EB-BEBF-5697-319B5060643E}.Release|Any CPU.Build.0 = Release|Any CPU
	EndGlobalSection
	GlobalSection(SolutionProperties) = preSolution
		HideSolutionNode = FALSE
	EndGlobalSection
EndGlobal
