
Microsoft Visual Studio Solution File, Format Version 12.00
# Visual Studio 2015
Project("{FAE04EC0-301F-11D3-BF4B-00C04F79EFBC}") = "MapTeam.CSharp", "MapTeam.CSharp.csproj", "{14CEC1FB-72BD-E8A7-D283-654C46254C6A}"
EndProject
Project("{FAE04EC0-301F-11D3-BF4B-00C04F79EFBC}") = "MapTeam.CSharp.Editor", "MapTeam.CSharp.Editor.csproj", "{4403F96A-8993-4315-844D-FAE8E644B66B}"
EndProject
Global
	GlobalSection(SolutionConfigurationPlatforms) = preSolution
		Debug|Any CPU = Debug|Any CPU
		Release|Any CPU = Release|Any CPU
	EndGlobalSection
	GlobalSection(ProjectConfigurationPlatforms) = postSolution
		{14CEC1FB-72BD-E8A7-D283-654C46254C6A}.Debug|Any CPU.ActiveCfg = Debug|Any CPU
		{14CEC1FB-72BD-E8A7-D283-654C46254C6A}.Debug|Any CPU.Build.0 = Debug|Any CPU
		{14CEC1FB-72BD-E8A7-D283-654C46254C6A}.Release|Any CPU.ActiveCfg = Release|Any CPU
		{14CEC1FB-72BD-E8A7-D283-654C46254C6A}.Release|Any CPU.Build.0 = Release|Any CPU
		{4403F96A-8993-4315-844D-FAE8E644B66B}.Debug|Any CPU.ActiveCfg = Debug|Any CPU
		{4403F96A-8993-4315-844D-FAE8E644B66B}.Debug|Any CPU.Build.0 = Debug|Any CPU
		{4403F96A-8993-4315-844D-FAE8E644B66B}.Release|Any CPU.ActiveCfg = Release|Any CPU
		{4403F96A-8993-4315-844D-FAE8E644B66B}.Release|Any CPU.Build.0 = Release|Any CPU
	EndGlobalSection
	GlobalSection(SolutionProperties) = preSolution
		HideSolutionNode = FALSE
	EndGlobalSection
EndGlobal
